{
  "version": 4,
  "terraform_version": "0.12.28",
  "serial": 3,
  "lineage": "70d775f5-cbff-ab0e-ec4c-b31f7afa72de",
  "outputs": {},
  "resources": [
    {
      "mode": "managed",
      "type": "google_container_cluster",
      "name": "primary",
      "provider": "provider.google",
      "instances": [
        {
          "schema_version": 1,
          "attributes": {
            "additional_zones": [],
            "addons_config": [
              {
                "cloudrun_config": [],
                "horizontal_pod_autoscaling": [],
                "http_load_balancing": [],
                "kubernetes_dashboard": [],
                "network_policy_config": [
                  {
                    "disabled": true
                  }
                ]
              }
            ],
            "authenticator_groups_config": [],
            "cluster_autoscaling": [
              {
                "auto_provisioning_defaults": [],
                "enabled": false,
                "resource_limits": []
              }
            ],
            "cluster_ipv4_cidr": "10.107.0.0/16",
            "database_encryption": [
              {
                "key_name": "",
                "state": "DECRYPTED"
              }
            ],
            "default_max_pods_per_node": 110,
            "description": "",
            "enable_binary_authorization": false,
            "enable_intranode_visibility": null,
            "enable_kubernetes_alpha": false,
            "enable_legacy_abac": false,
            "enable_shielded_nodes": false,
            "enable_tpu": null,
            "endpoint": "34.74.83.53",
            "id": "projects/optimal-bivouac-247023/locations/us-east1-b/clusters/fileditor",
            "initial_node_count": 1,
            "instance_group_urls": [],
            "ip_allocation_policy": [
              {
                "cluster_ipv4_cidr_block": "10.107.0.0/16",
                "cluster_secondary_range_name": "gke-fileditor-pods-1da93f88",
                "node_ipv4_cidr_block": "",
                "services_ipv4_cidr_block": "10.108.0.0/22",
                "services_secondary_range_name": "gke-fileditor-services-1da93f88",
                "subnetwork_name": ""
              }
            ],
            "label_fingerprint": "a9dc16a7",
            "location": "us-east1-b",
            "logging_service": "logging.googleapis.com/kubernetes",
            "maintenance_policy": [],
            "master_auth": [
              {
                "client_certificate": "",
                "client_certificate_config": [
                  {
                    "issue_client_certificate": false
                  }
                ],
                "client_key": "",
                "cluster_ca_certificate": "LS0tLS1CRUdJTiBDRVJUSUZJQ0FURS0tLS0tCk1JSURDekNDQWZPZ0F3SUJBZ0lRQlUwZjNJZXdFQTdTditzcXhJeTgwVEFOQmdrcWhraUc5dzBCQVFzRkFEQXYKTVMwd0t3WURWUVFERXlRMFpXVTFNRFU0TUMxbFpUZzFMVFJsWmprdE9EYzNaUzAzTWpRMk4yUTJOelpsTWprdwpIaGNOTWpBd056QTVNVE16TnpNMldoY05NalV3TnpBNE1UUXpOek0yV2pBdk1TMHdLd1lEVlFRREV5UTBaV1UxCk1EVTRNQzFsWlRnMUxUUmxaamt0T0RjM1pTMDNNalEyTjJRMk56WmxNamt3Z2dFaU1BMEdDU3FHU0liM0RRRUIKQVFVQUE0SUJEd0F3Z2dFS0FvSUJBUUM4SngvZi9GQnhVKytPcjd4UE01UGJCY2UyWlRDRzhLV2dlWjAvT0ZLdgpkVmpueWhnQkRaTU5uL1hERnZZSEpUVVhjenpXb1FFM2xIa1JpZ3pFNk81UkZYSUczTHZ3M1hsRTcwQnpqbTNrClZkMGpLazJaRU1OYTl4ckkrNkFVdjVsb01QYkhSWEw3MXFBNlNYb0FJR253Q3REVkU4T2dxOW5kNEVHdzkwTXQKbVpPOEU2dStOOGUveGpqK0F2Rk1CRzBPbXgxS0lUNk80SGd0d2UvWkRFOE5sUUlUOHc2cy9kSDAraVVyZERnUwp5cnFEQzZESlVHUEdtWm81aXphWXE3QzhWNVRkNlRxODZJZ0l4QlhuMFFrSnNHaTJTays2VnpPdGF0ZHB2Ly9QCk5rMW1vWmNuNUM2ZEIrcGNaR0RzTWFHdkRTY2VEUXhDUS8zRlFzMGZtSkRWQWdNQkFBR2pJekFoTUE0R0ExVWQKRHdFQi93UUVBd0lDQkRBUEJnTlZIUk1CQWY4RUJUQURBUUgvTUEwR0NTcUdTSWIzRFFFQkN3VUFBNElCQVFCeQpraEg2SXNEbjhIaytDMGY1T1FvL2RnRzJHWENYR0d6Zjc2QzRzY0RVU25FOTVKaWhTSFJmRXVselJHc2tUNXhuCnJyWXZpTnJNWDQ1OFRmd0x4VnRhZnZ4Z01uZU9QVTZJWGZra0VRN0EyWTllTlVBWFRiZXFGNlBHYmVrVU5rUVAKbFFTbDJXQXhEaTZ3c0FGdnRlbWZ0MnhEaFU4WTMzT3EyRlJXbWE0dWxQYmRLU09Ca0NEMjlZTmNDbmJleUZ0ZgpDOFFaTGdrWENnbkU5c2twU0NoTmtLNmtxTVROS3loMjFNWTM4TlZ1SUtabFVheGsxZUFVZldSSFlGYTRKU1VsClZVV0VWSW1ybWRYMVhmSERZMnYxU2RrMEg3SmNxczVPNTFPMURXcjYyZlRnTUZwQmhiQXZ2NFpLaHd3MWVhOVAKV1Uxa3U4SG9neHlqNWFNUXQvREMKLS0tLS1FTkQgQ0VSVElGSUNBVEUtLS0tLQo=",
                "password": "",
                "username": ""
              }
            ],
            "master_authorized_networks_config": [],
            "master_version": "1.16.10-gke.8",
            "min_master_version": "1.16",
            "monitoring_service": "monitoring.googleapis.com/kubernetes",
            "name": "fileditor",
            "network": "projects/optimal-bivouac-247023/global/networks/default",
            "network_policy": [
              {
                "enabled": false,
                "provider": "PROVIDER_UNSPECIFIED"
              }
            ],
            "node_config": [],
            "node_locations": [],
            "node_pool": [],
            "node_version": "1.16.10-gke.8",
            "operation": null,
            "pod_security_policy_config": null,
            "private_cluster_config": [],
            "project": "optimal-bivouac-247023",
            "region": null,
            "remove_default_node_pool": true,
            "resource_labels": null,
            "resource_usage_export_config": [],
            "services_ipv4_cidr": "10.108.0.0/22",
            "subnetwork": "projects/optimal-bivouac-247023/regions/us-east1/subnetworks/default",
            "timeouts": null,
            "vertical_pod_autoscaling": [],
            "workload_identity_config": [],
            "zone": null
          },
          "private": "eyJlMmJmYjczMC1lY2FhLTExZTYtOGY4OC0zNDM2M2JjN2M0YzAiOnsiY3JlYXRlIjoyNDAwMDAwMDAwMDAwLCJkZWxldGUiOjI0MDAwMDAwMDAwMDAsInJlYWQiOjI0MDAwMDAwMDAwMDAsInVwZGF0ZSI6MzYwMDAwMDAwMDAwMH0sInNjaGVtYV92ZXJzaW9uIjoiMSJ9"
        }
      ]
    },
    {
      "mode": "managed",
      "type": "google_container_node_pool",
      "name": "primary_preemptible_nodes",
      "provider": "provider.google",
      "instances": [
        {
          "schema_version": 1,
          "attributes": {
            "autoscaling": [
              {
                "max_node_count": 9,
                "min_node_count": 1
              }
            ],
            "cluster": "fileditor",
            "id": "projects/optimal-bivouac-247023/locations/us-east1-b/clusters/fileditor/nodePools/my-node-pool",
            "initial_node_count": 1,
            "instance_group_urls": [
              "https://www.googleapis.com/compute/v1/projects/optimal-bivouac-247023/zones/us-east1-b/instanceGroupManagers/gke-fileditor-my-node-pool-85cb3768-grp"
            ],
            "location": "us-east1-b",
            "management": [
              {
                "auto_repair": true,
                "auto_upgrade": true
              }
            ],
            "max_pods_per_node": 110,
            "name": "my-node-pool",
            "name_prefix": "",
            "node_config": [
              {
                "disk_size_gb": 100,
                "disk_type": "pd-standard",
                "guest_accelerator": [],
                "image_type": "COS",
                "labels": {},
                "local_ssd_count": 0,
                "machine_type": "n1-standard-1",
                "metadata": {
                  "disable-legacy-endpoints": "true"
                },
                "min_cpu_platform": "",
                "oauth_scopes": [
                  "https://www.googleapis.com/auth/cloud-platform",
                  "https://www.googleapis.com/auth/logging.write",
                  "https://www.googleapis.com/auth/monitoring"
                ],
                "preemptible": true,
                "sandbox_config": [],
                "service_account": "default",
                "shielded_instance_config": [
                  {
                    "enable_integrity_monitoring": true,
                    "enable_secure_boot": false
                  }
                ],
                "tags": null,
                "taint": [],
                "workload_metadata_config": []
              }
            ],
            "node_count": 1,
            "node_locations": [
              "us-east1-b"
            ],
            "project": "optimal-bivouac-247023",
            "region": null,
            "timeouts": null,
            "upgrade_settings": [
              {
                "max_surge": 1,
                "max_unavailable": 0
              }
            ],
            "version": "1.16.10-gke.8",
            "zone": null
          },
          "private": "eyJlMmJmYjczMC1lY2FhLTExZTYtOGY4OC0zNDM2M2JjN2M0YzAiOnsiY3JlYXRlIjoxODAwMDAwMDAwMDAwLCJkZWxldGUiOjE4MDAwMDAwMDAwMDAsInVwZGF0ZSI6MTgwMDAwMDAwMDAwMH0sInNjaGVtYV92ZXJzaW9uIjoiMSJ9",
          "dependencies": [
            "google_container_cluster.primary"
          ]
        }
      ]
    }
  ]
}
